
Microsoft Visual Studio Solution File, Format Version 12.00
# Visual Studio Version 17
VisualStudioVersion = 17.3.32804.467
MinimumVisualStudioVersion = 10.0.40219.1
Project("{9A19103F-16F7-4668-BE54-9A1E7A4F7556}") = "reverse", "reverse.csproj", "{5C31B2AC-5309-429E-BBAE-43798E821528}"
EndProject
Global
	GlobalSection(SolutionConfigurationPlatforms) = preSolution
		Debug|Any CPU = Debug|Any CPU
		Release|Any CPU = Release|Any CPU
	EndGlobalSection
	GlobalSection(ProjectConfigurationPlatforms) = postSolution
		{5C31B2AC-5309-429E-BBAE-43798E821528}.Debug|Any CPU.ActiveCfg = Debug|Any CPU
		{5C31B2AC-5309-429E-BBAE-43798E821528}.Debug|Any CPU.Build.0 = Debug|Any CPU
		{5C31B2AC-5309-429E-BBAE-43798E821528}.Release|Any CPU.ActiveCfg = Release|Any CPU
		{5C31B2AC-5309-429E-BBAE-43798E821528}.Release|Any CPU.Build.0 = Release|Any CPU
	EndGlobalSection
	GlobalSection(SolutionProperties) = preSolution
		HideSolutionNode = FALSE
	EndGlobalSection
	GlobalSection(ExtensibilityGlobals) = postSolution
		SolutionGuid = {AB2F8C13-F3EF-4D94-AAAC-619F3E491664}
	EndGlobalSection
EndGlobal
